// !$*UTF8*$!
{
	archiveVersion = 1;
	classes = {
	};
	objectVersion = 46;
	objects = {

/* Begin PBXBuildFile section */
		0D0C0B6C7579025E4DD48925 /* Pods_KinveyResearchKitTests.framework in Frameworks */ = {isa = PBXBuildFile; fileRef = 24E32AF884A1381FBDE6F4CF /* Pods_KinveyResearchKitTests.framework */; };
		961DB3B81D6F451D00202003 /* KinveyResearchKit.h in Headers */ = {isa = PBXBuildFile; fileRef = 961DB3B71D6F451D00202003 /* KinveyResearchKit.h */; settings = {ATTRIBUTES = (Public, ); }; };
		961DB3BF1D6F451D00202003 /* KinveyResearchKit.framework in Frameworks */ = {isa = PBXBuildFile; fileRef = 961DB3B41D6F451C00202003 /* KinveyResearchKit.framework */; };
		961DB3C41D6F451D00202003 /* KinveyResearchKitTests.swift in Sources */ = {isa = PBXBuildFile; fileRef = 961DB3C31D6F451D00202003 /* KinveyResearchKitTests.swift */; };
		D4BD3CC73B644F476813EC0E /* Pods_KinveyResearchKit.framework in Frameworks */ = {isa = PBXBuildFile; fileRef = 7DC56E5172A2A938357345F1 /* Pods_KinveyResearchKit.framework */; };
/* End PBXBuildFile section */

/* Begin PBXContainerItemProxy section */
		961DB3C01D6F451D00202003 /* PBXContainerItemProxy */ = {
			isa = PBXContainerItemProxy;
			containerPortal = 961DB3AB1D6F451C00202003 /* Project object */;
			proxyType = 1;
			remoteGlobalIDString = 961DB3B31D6F451C00202003;
			remoteInfo = KinveyResearchKit;
		};
/* End PBXContainerItemProxy section */

/* Begin PBXFileReference section */
		24E32AF884A1381FBDE6F4CF /* Pods_KinveyResearchKitTests.framework */ = {isa = PBXFileReference; explicitFileType = wrapper.framework; includeInIndex = 0; path = Pods_KinveyResearchKitTests.framework; sourceTree = BUILT_PRODUCTS_DIR; };
		72FCBC30FF63118216CEF094 /* Pods-KinveyResearchKitTests.release.xcconfig */ = {isa = PBXFileReference; includeInIndex = 1; lastKnownFileType = text.xcconfig; name = "Pods-KinveyResearchKitTests.release.xcconfig"; path = "Pods/Target Support Files/Pods-KinveyResearchKitTests/Pods-KinveyResearchKitTests.release.xcconfig"; sourceTree = "<group>"; };
		7DC56E5172A2A938357345F1 /* Pods_KinveyResearchKit.framework */ = {isa = PBXFileReference; explicitFileType = wrapper.framework; includeInIndex = 0; path = Pods_KinveyResearchKit.framework; sourceTree = BUILT_PRODUCTS_DIR; };
		961DB3B41D6F451C00202003 /* KinveyResearchKit.framework */ = {isa = PBXFileReference; explicitFileType = wrapper.framework; includeInIndex = 0; path = KinveyResearchKit.framework; sourceTree = BUILT_PRODUCTS_DIR; };
		961DB3B71D6F451D00202003 /* KinveyResearchKit.h */ = {isa = PBXFileReference; lastKnownFileType = sourcecode.c.h; path = KinveyResearchKit.h; sourceTree = "<group>"; };
		961DB3B91D6F451D00202003 /* Info.plist */ = {isa = PBXFileReference; lastKnownFileType = text.plist.xml; path = Info.plist; sourceTree = "<group>"; };
		961DB3BE1D6F451D00202003 /* KinveyResearchKitTests.xctest */ = {isa = PBXFileReference; explicitFileType = wrapper.cfbundle; includeInIndex = 0; path = KinveyResearchKitTests.xctest; sourceTree = BUILT_PRODUCTS_DIR; };
		961DB3C31D6F451D00202003 /* KinveyResearchKitTests.swift */ = {isa = PBXFileReference; lastKnownFileType = sourcecode.swift; path = KinveyResearchKitTests.swift; sourceTree = "<group>"; };
		961DB3C51D6F451D00202003 /* Info.plist */ = {isa = PBXFileReference; lastKnownFileType = text.plist.xml; path = Info.plist; sourceTree = "<group>"; };
		A3D8FF6F4F7A6018AFB0930C /* Pods-KinveyResearchKitTests.debug.xcconfig */ = {isa = PBXFileReference; includeInIndex = 1; lastKnownFileType = text.xcconfig; name = "Pods-KinveyResearchKitTests.debug.xcconfig"; path = "Pods/Target Support Files/Pods-KinveyResearchKitTests/Pods-KinveyResearchKitTests.debug.xcconfig"; sourceTree = "<group>"; };
		B996C6933F2D476A540FB54D /* Pods-KinveyResearchKit.debug.xcconfig */ = {isa = PBXFileReference; includeInIndex = 1; lastKnownFileType = text.xcconfig; name = "Pods-KinveyResearchKit.debug.xcconfig"; path = "Pods/Target Support Files/Pods-KinveyResearchKit/Pods-KinveyResearchKit.debug.xcconfig"; sourceTree = "<group>"; };
		CD0654CF55FA0333BDD21163 /* Pods-KinveyResearchKit.release.xcconfig */ = {isa = PBXFileReference; includeInIndex = 1; lastKnownFileType = text.xcconfig; name = "Pods-KinveyResearchKit.release.xcconfig"; path = "Pods/Target Support Files/Pods-KinveyResearchKit/Pods-KinveyResearchKit.release.xcconfig"; sourceTree = "<group>"; };
/* End PBXFileReference section */

/* Begin PBXFrameworksBuildPhase section */
		961DB3B01D6F451C00202003 /* Frameworks */ = {
			isa = PBXFrameworksBuildPhase;
			buildActionMask = 2147483647;
			files = (
				D4BD3CC73B644F476813EC0E /* Pods_KinveyResearchKit.framework in Frameworks */,
			);
			runOnlyForDeploymentPostprocessing = 0;
		};
		961DB3BB1D6F451D00202003 /* Frameworks */ = {
			isa = PBXFrameworksBuildPhase;
			buildActionMask = 2147483647;
			files = (
				961DB3BF1D6F451D00202003 /* KinveyResearchKit.framework in Frameworks */,
				0D0C0B6C7579025E4DD48925 /* Pods_KinveyResearchKitTests.framework in Frameworks */,
			);
			runOnlyForDeploymentPostprocessing = 0;
		};
/* End PBXFrameworksBuildPhase section */

/* Begin PBXGroup section */
		096681AD4E6267D903D06684 /* Pods */ = {
			isa = PBXGroup;
			children = (
				B996C6933F2D476A540FB54D /* Pods-KinveyResearchKit.debug.xcconfig */,
				CD0654CF55FA0333BDD21163 /* Pods-KinveyResearchKit.release.xcconfig */,
				A3D8FF6F4F7A6018AFB0930C /* Pods-KinveyResearchKitTests.debug.xcconfig */,
				72FCBC30FF63118216CEF094 /* Pods-KinveyResearchKitTests.release.xcconfig */,
			);
			name = Pods;
			sourceTree = "<group>";
		};
		961DB3AA1D6F451C00202003 = {
			isa = PBXGroup;
			children = (
				961DB3B61D6F451D00202003 /* KinveyResearchKit */,
				961DB3C21D6F451D00202003 /* KinveyResearchKitTests */,
				961DB3B51D6F451C00202003 /* Products */,
				096681AD4E6267D903D06684 /* Pods */,
				968706ED53EA6A18FB2ADAB7 /* Frameworks */,
			);
			sourceTree = "<group>";
		};
		961DB3B51D6F451C00202003 /* Products */ = {
			isa = PBXGroup;
			children = (
				961DB3B41D6F451C00202003 /* KinveyResearchKit.framework */,
				961DB3BE1D6F451D00202003 /* KinveyResearchKitTests.xctest */,
			);
			name = Products;
			sourceTree = "<group>";
		};
		961DB3B61D6F451D00202003 /* KinveyResearchKit */ = {
			isa = PBXGroup;
			children = (
				961DB3B71D6F451D00202003 /* KinveyResearchKit.h */,
				961DB3B91D6F451D00202003 /* Info.plist */,
			);
			path = KinveyResearchKit;
			sourceTree = "<group>";
		};
		961DB3C21D6F451D00202003 /* KinveyResearchKitTests */ = {
			isa = PBXGroup;
			children = (
				961DB3C31D6F451D00202003 /* KinveyResearchKitTests.swift */,
				961DB3C51D6F451D00202003 /* Info.plist */,
			);
			path = KinveyResearchKitTests;
			sourceTree = "<group>";
		};
		968706ED53EA6A18FB2ADAB7 /* Frameworks */ = {
			isa = PBXGroup;
			children = (
				7DC56E5172A2A938357345F1 /* Pods_KinveyResearchKit.framework */,
				24E32AF884A1381FBDE6F4CF /* Pods_KinveyResearchKitTests.framework */,
			);
			name = Frameworks;
			sourceTree = "<group>";
		};
/* End PBXGroup section */

/* Begin PBXHeadersBuildPhase section */
		961DB3B11D6F451C00202003 /* Headers */ = {
			isa = PBXHeadersBuildPhase;
			buildActionMask = 2147483647;
			files = (
				961DB3B81D6F451D00202003 /* KinveyResearchKit.h in Headers */,
			);
			runOnlyForDeploymentPostprocessing = 0;
		};
/* End PBXHeadersBuildPhase section */

/* Begin PBXNativeTarget section */
		961DB3B31D6F451C00202003 /* KinveyResearchKit */ = {
			isa = PBXNativeTarget;
			buildConfigurationList = 961DB3C81D6F451D00202003 /* Build configuration list for PBXNativeTarget "KinveyResearchKit" */;
			buildPhases = (
				06E4EA7B75FD372A1075E6D2 /* [CP] Check Pods Manifest.lock */,
				961DB3AF1D6F451C00202003 /* Sources */,
				961DB3B01D6F451C00202003 /* Frameworks */,
				961DB3B11D6F451C00202003 /* Headers */,
				961DB3B21D6F451C00202003 /* Resources */,
				D275724F4882C016572D0EC1 /* [CP] Copy Pods Resources */,
			);
			buildRules = (
			);
			dependencies = (
			);
			name = KinveyResearchKit;
			productName = KinveyResearchKit;
			productReference = 961DB3B41D6F451C00202003 /* KinveyResearchKit.framework */;
			productType = "com.apple.product-type.framework";
		};
		961DB3BD1D6F451D00202003 /* KinveyResearchKitTests */ = {
			isa = PBXNativeTarget;
			buildConfigurationList = 961DB3CB1D6F451D00202003 /* Build configuration list for PBXNativeTarget "KinveyResearchKitTests" */;
			buildPhases = (
				2EF8D2FD3F9BBE34CD2FA569 /* [CP] Check Pods Manifest.lock */,
				961DB3BA1D6F451D00202003 /* Sources */,
				961DB3BB1D6F451D00202003 /* Frameworks */,
				961DB3BC1D6F451D00202003 /* Resources */,
				99418B981A4F4D130B930FEA /* [CP] Embed Pods Frameworks */,
				B11455F2EA704CEEE7456261 /* [CP] Copy Pods Resources */,
			);
			buildRules = (
			);
			dependencies = (
				961DB3C11D6F451D00202003 /* PBXTargetDependency */,
			);
			name = KinveyResearchKitTests;
			productName = KinveyResearchKitTests;
			productReference = 961DB3BE1D6F451D00202003 /* KinveyResearchKitTests.xctest */;
			productType = "com.apple.product-type.bundle.unit-test";
		};
/* End PBXNativeTarget section */

/* Begin PBXProject section */
		961DB3AB1D6F451C00202003 /* Project object */ = {
			isa = PBXProject;
			attributes = {
				LastSwiftUpdateCheck = 0730;
				LastUpgradeCheck = 0730;
				ORGANIZATIONNAME = Kinvey;
				TargetAttributes = {
					961DB3B31D6F451C00202003 = {
						CreatedOnToolsVersion = 7.3;
					};
					961DB3BD1D6F451D00202003 = {
						CreatedOnToolsVersion = 7.3;
					};
				};
			};
			buildConfigurationList = 961DB3AE1D6F451C00202003 /* Build configuration list for PBXProject "KinveyResearchKit" */;
			compatibilityVersion = "Xcode 3.2";
			developmentRegion = English;
			hasScannedForEncodings = 0;
			knownRegions = (
				en,
			);
			mainGroup = 961DB3AA1D6F451C00202003;
			productRefGroup = 961DB3B51D6F451C00202003 /* Products */;
			projectDirPath = "";
			projectRoot = "";
			targets = (
				961DB3B31D6F451C00202003 /* KinveyResearchKit */,
				961DB3BD1D6F451D00202003 /* KinveyResearchKitTests */,
			);
		};
/* End PBXProject section */

/* Begin PBXResourcesBuildPhase section */
		961DB3B21D6F451C00202003 /* Resources */ = {
			isa = PBXResourcesBuildPhase;
			buildActionMask = 2147483647;
			files = (
			);
			runOnlyForDeploymentPostprocessing = 0;
		};
		961DB3BC1D6F451D00202003 /* Resources */ = {
			isa = PBXResourcesBuildPhase;
			buildActionMask = 2147483647;
			files = (
			);
			runOnlyForDeploymentPostprocessing = 0;
		};
/* End PBXResourcesBuildPhase section */

/* Begin PBXShellScriptBuildPhase section */
		06E4EA7B75FD372A1075E6D2 /* [CP] Check Pods Manifest.lock */ = {
			isa = PBXShellScriptBuildPhase;
			buildActionMask = 2147483647;
			files = (
			);
			inputPaths = (
			);
			name = "[CP] Check Pods Manifest.lock";
			outputPaths = (
			);
			runOnlyForDeploymentPostprocessing = 0;
			shellPath = /bin/sh;
			shellScript = "diff \"${PODS_ROOT}/../Podfile.lock\" \"${PODS_ROOT}/Manifest.lock\" > /dev/null\nif [[ $? != 0 ]] ; then\n    cat << EOM\nerror: The sandbox is not in sync with the Podfile.lock. Run 'pod install' or update your CocoaPods installation.\nEOM\n    exit 1\nfi\n";
			showEnvVarsInLog = 0;
		};
		2EF8D2FD3F9BBE34CD2FA569 /* [CP] Check Pods Manifest.lock */ = {
			isa = PBXShellScriptBuildPhase;
			buildActionMask = 2147483647;
			files = (
			);
			inputPaths = (
			);
			name = "[CP] Check Pods Manifest.lock";
			outputPaths = (
			);
			runOnlyForDeploymentPostprocessing = 0;
			shellPath = /bin/sh;
			shellScript = "diff \"${PODS_ROOT}/../Podfile.lock\" \"${PODS_ROOT}/Manifest.lock\" > /dev/null\nif [[ $? != 0 ]] ; then\n    cat << EOM\nerror: The sandbox is not in sync with the Podfile.lock. Run 'pod install' or update your CocoaPods installation.\nEOM\n    exit 1\nfi\n";
			showEnvVarsInLog = 0;
		};
		99418B981A4F4D130B930FEA /* [CP] Embed Pods Frameworks */ = {
			isa = PBXShellScriptBuildPhase;
			buildActionMask = 2147483647;
			files = (
			);
			inputPaths = (
			);
			name = "[CP] Embed Pods Frameworks";
			outputPaths = (
			);
			runOnlyForDeploymentPostprocessing = 0;
			shellPath = /bin/sh;
			shellScript = "\"${SRCROOT}/Pods/Target Support Files/Pods-KinveyResearchKitTests/Pods-KinveyResearchKitTests-frameworks.sh\"\n";
			showEnvVarsInLog = 0;
		};
		B11455F2EA704CEEE7456261 /* [CP] Copy Pods Resources */ = {
			isa = PBXShellScriptBuildPhase;
			buildActionMask = 2147483647;
			files = (
			);
			inputPaths = (
			);
			name = "[CP] Copy Pods Resources";
			outputPaths = (
			);
			runOnlyForDeploymentPostprocessing = 0;
			shellPath = /bin/sh;
			shellScript = "\"${SRCROOT}/Pods/Target Support Files/Pods-KinveyResearchKitTests/Pods-KinveyResearchKitTests-resources.sh\"\n";
			showEnvVarsInLog = 0;
		};
		D275724F4882C016572D0EC1 /* [CP] Copy Pods Resources */ = {
			isa = PBXShellScriptBuildPhase;
			buildActionMask = 2147483647;
			files = (
			);
			inputPaths = (
			);
			name = "[CP] Copy Pods Resources";
			outputPaths = (
			);
			runOnlyForDeploymentPostprocessing = 0;
			shellPath = /bin/sh;
			shellScript = "\"${SRCROOT}/Pods/Target Support Files/Pods-KinveyResearchKit/Pods-KinveyResearchKit-resources.sh\"\n";
			showEnvVarsInLog = 0;
		};
/* End PBXShellScriptBuildPhase section */

/* Begin PBXSourcesBuildPhase section */
		961DB3AF1D6F451C00202003 /* Sources */ = {
			isa = PBXSourcesBuildPhase;
			buildActionMask = 2147483647;
			files = (
			);
			runOnlyForDeploymentPostprocessing = 0;
		};
		961DB3BA1D6F451D00202003 /* Sources */ = {
			isa = PBXSourcesBuildPhase;
			buildActionMask = 2147483647;
			files = (
				961DB3C41D6F451D00202003 /* KinveyResearchKitTests.swift in Sources */,
			);
			runOnlyForDeploymentPostprocessing = 0;
		};
/* End PBXSourcesBuildPhase section */

/* Begin PBXTargetDependency section */
		961DB3C11D6F451D00202003 /* PBXTargetDependency */ = {
			isa = PBXTargetDependency;
			target = 961DB3B31D6F451C00202003 /* KinveyResearchKit */;
			targetProxy = 961DB3C01D6F451D00202003 /* PBXContainerItemProxy */;
		};
/* End PBXTargetDependency section */

/* Begin XCBuildConfiguration section */
		961DB3C61D6F451D00202003 /* Debug */ = {
			isa = XCBuildConfiguration;
			buildSettings = {
				ALWAYS_SEARCH_USER_PATHS = NO;
				CLANG_ANALYZER_NONNULL = YES;
				CLANG_CXX_LANGUAGE_STANDARD = "gnu++0x";
				CLANG_CXX_LIBRARY = "libc++";
				CLANG_ENABLE_MODULES = YES;
				CLANG_ENABLE_OBJC_ARC = YES;
				CLANG_WARN_BOOL_CONVERSION = YES;
				CLANG_WARN_CONSTANT_CONVERSION = YES;
				CLANG_WARN_DIRECT_OBJC_ISA_USAGE = YES_ERROR;
				CLANG_WARN_EMPTY_BODY = YES;
				CLANG_WARN_ENUM_CONVERSION = YES;
				CLANG_WARN_INT_CONVERSION = YES;
				CLANG_WARN_OBJC_ROOT_CLASS = YES_ERROR;
				CLANG_WARN_UNREACHABLE_CODE = YES;
				CLANG_WARN__DUPLICATE_METHOD_MATCH = YES;
				"CODE_SIGN_IDENTITY[sdk=iphoneos*]" = "iPhone Developer";
				COPY_PHASE_STRIP = NO;
				CURRENT_PROJECT_VERSION = 1;
				DEBUG_INFORMATION_FORMAT = dwarf;
				ENABLE_STRICT_OBJC_MSGSEND = YES;
				ENABLE_TESTABILITY = YES;
				GCC_C_LANGUAGE_STANDARD = gnu99;
				GCC_DYNAMIC_NO_PIC = NO;
				GCC_NO_COMMON_BLOCKS = YES;
				GCC_OPTIMIZATION_LEVEL = 0;
				GCC_PREPROCESSOR_DEFINITIONS = (
					"DEBUG=1",
					"$(inherited)",
				);
				GCC_WARN_64_TO_32_BIT_CONVERSION = YES;
				GCC_WARN_ABOUT_RETURN_TYPE = YES_ERROR;
				GCC_WARN_UNDECLARED_SELECTOR = YES;
				GCC_WARN_UNINITIALIZED_AUTOS = YES_AGGRESSIVE;
				GCC_WARN_UNUSED_FUNCTION = YES;
				GCC_WARN_UNUSED_VARIABLE = YES;
				IPHONEOS_DEPLOYMENT_TARGET = 9.3;
				MTL_ENABLE_DEBUG_INFO = YES;
				ONLY_ACTIVE_ARCH = YES;
				SDKROOT = iphoneos;
				SWIFT_OPTIMIZATION_LEVEL = "-Onone";
				TARGETED_DEVICE_FAMILY = "1,2";
				VERSIONING_SYSTEM = "apple-generic";
				VERSION_INFO_PREFIX = "";
			};
			name = Debug;
		};
		961DB3C71D6F451D00202003 /* Release */ = {
			isa = XCBuildConfiguration;
			buildSettings = {
				ALWAYS_SEARCH_USER_PATHS = NO;
				CLANG_ANALYZER_NONNULL = YES;
				CLANG_CXX_LANGUAGE_STANDARD = "gnu++0x";
				CLANG_CXX_LIBRARY = "libc++";
				CLANG_ENABLE_MODULES = YES;
				CLANG_ENABLE_OBJC_ARC = YES;
				CLANG_WARN_BOOL_CONVERSION = YES;
				CLANG_WARN_CONSTANT_CONVERSION = YES;
				CLANG_WARN_DIRECT_OBJC_ISA_USAGE = YES_ERROR;
				CLANG_WARN_EMPTY_BODY = YES;
				CLANG_WARN_ENUM_CONVERSION = YES;
				CLANG_WARN_INT_CONVERSION = YES;
				CLANG_WARN_OBJC_ROOT_CLASS = YES_ERROR;
				CLANG_WARN_UNREACHABLE_CODE = YES;
				CLANG_WARN__DUPLICATE_METHOD_MATCH = YES;
				"CODE_SIGN_IDENTITY[sdk=iphoneos*]" = "iPhone Developer";
				COPY_PHASE_STRIP = NO;
				CURRENT_PROJECT_VERSION = 1;
				DEBUG_INFORMATION_FORMAT = "dwarf-with-dsym";
				ENABLE_NS_ASSERTIONS = NO;
				ENABLE_STRICT_OBJC_MSGSEND = YES;
				GCC_C_LANGUAGE_STANDARD = gnu99;
				GCC_NO_COMMON_BLOCKS = YES;
				GCC_WARN_64_TO_32_BIT_CONVERSION = YES;
				GCC_WARN_ABOUT_RETURN_TYPE = YES_ERROR;
				GCC_WARN_UNDECLARED_SELECTOR = YES;
				GCC_WARN_UNINITIALIZED_AUTOS = YES_AGGRESSIVE;
				GCC_WARN_UNUSED_FUNCTION = YES;
				GCC_WARN_UNUSED_VARIABLE = YES;
				IPHONEOS_DEPLOYMENT_TARGET = 9.3;
				MTL_ENABLE_DEBUG_INFO = NO;
				SDKROOT = iphoneos;
				TARGETED_DEVICE_FAMILY = "1,2";
				VALIDATE_PRODUCT = YES;
				VERSIONING_SYSTEM = "apple-generic";
				VERSION_INFO_PREFIX = "";
			};
			name = Release;
		};
		961DB3C91D6F451D00202003 /* Debug */ = {
			isa = XCBuildConfiguration;
			baseConfigurationReference = B996C6933F2D476A540FB54D /* Pods-KinveyResearchKit.debug.xcconfig */;
			buildSettings = {
				DEFINES_MODULE = YES;
				DYLIB_COMPATIBILITY_VERSION = 1;
				DYLIB_CURRENT_VERSION = 1;
				DYLIB_INSTALL_NAME_BASE = "@rpath";
				INFOPLIST_FILE = KinveyResearchKit/Info.plist;
				INSTALL_PATH = "$(LOCAL_LIBRARY_DIR)/Frameworks";
				LD_RUNPATH_SEARCH_PATHS = "$(inherited) @executable_path/Frameworks @loader_path/Frameworks";
				PRODUCT_BUNDLE_IDENTIFIER = com.kinvey.KinveyResearchKit;
				PRODUCT_NAME = "$(TARGET_NAME)";
				SKIP_INSTALL = YES;
			};
			name = Debug;
		};
		961DB3CA1D6F451D00202003 /* Release */ = {
			isa = XCBuildConfiguration;
			baseConfigurationReference = CD0654CF55FA0333BDD21163 /* Pods-KinveyResearchKit.release.xcconfig */;
			buildSettings = {
				DEFINES_MODULE = YES;
				DYLIB_COMPATIBILITY_VERSION = 1;
				DYLIB_CURRENT_VERSION = 1;
				DYLIB_INSTALL_NAME_BASE = "@rpath";
				INFOPLIST_FILE = KinveyResearchKit/Info.plist;
				INSTALL_PATH = "$(LOCAL_LIBRARY_DIR)/Frameworks";
				LD_RUNPATH_SEARCH_PATHS = "$(inherited) @executable_path/Frameworks @loader_path/Frameworks";
				PRODUCT_BUNDLE_IDENTIFIER = com.kinvey.KinveyResearchKit;
				PRODUCT_NAME = "$(TARGET_NAME)";
				SKIP_INSTALL = YES;
			};
			name = Release;
		};
		961DB3CC1D6F451D00202003 /* Debug */ = {
			isa = XCBuildConfiguration;
			baseConfigurationReference = A3D8FF6F4F7A6018AFB0930C /* Pods-KinveyResearchKitTests.debug.xcconfig */;
			buildSettings = {
				INFOPLIST_FILE = KinveyResearchKitTests/Info.plist;
				LD_RUNPATH_SEARCH_PATHS = "$(inherited) @executable_path/Frameworks @loader_path/Frameworks";
				PRODUCT_BUNDLE_IDENTIFIER = com.kinvey.KinveyResearchKitTests;
				PRODUCT_NAME = "$(TARGET_NAME)";
			};
			name = Debug;
		};
		961DB3CD1D6F451D00202003 /* Release */ = {
			isa = XCBuildConfiguration;
			baseConfigurationReference = 72FCBC30FF63118216CEF094 /* Pods-KinveyResearchKitTests.release.xcconfig */;
			buildSettings = {
				INFOPLIST_FILE = KinveyResearchKitTests/Info.plist;
				LD_RUNPATH_SEARCH_PATHS = "$(inherited) @executable_path/Frameworks @loader_path/Frameworks";
				PRODUCT_BUNDLE_IDENTIFIER = com.kinvey.KinveyResearchKitTests;
				PRODUCT_NAME = "$(TARGET_NAME)";
			};
			name = Release;
		};
/* End XCBuildConfiguration section */

/* Begin XCConfigurationList section */
		961DB3AE1D6F451C00202003 /* Build configuration list for PBXProject "KinveyResearchKit" */ = {
			isa = XCConfigurationList;
			buildConfigurations = (
				961DB3C61D6F451D00202003 /* Debug */,
				961DB3C71D6F451D00202003 /* Release */,
			);
			defaultConfigurationIsVisible = 0;
			defaultConfigurationName = Release;
		};
		961DB3C81D6F451D00202003 /* Build configuration list for PBXNativeTarget "KinveyResearchKit" */ = {
			isa = XCConfigurationList;
			buildConfigurations = (
				961DB3C91D6F451D00202003 /* Debug */,
				961DB3CA1D6F451D00202003 /* Release */,
			);
			defaultConfigurationIsVisible = 0;
			defaultConfigurationName = Release;
		};
		961DB3CB1D6F451D00202003 /* Build configuration list for PBXNativeTarget "KinveyResearchKitTests" */ = {
			isa = XCConfigurationList;
			buildConfigurations = (
				961DB3CC1D6F451D00202003 /* Debug */,
				961DB3CD1D6F451D00202003 /* Release */,
			);
			defaultConfigurationIsVisible = 0;
			defaultConfigurationName = Release;
		};
/* End XCConfigurationList section */
	};
	rootObject = 961DB3AB1D6F451C00202003 /* Project object */;
}
